// !$*UTF8*$!
{
	archiveVersion = 1;
	classes = {
	};
	objectVersion = 56;
	objects = {

/* Begin PBXBuildFile section */
		404192352B8C9B26003AF790 /* Helper.swift in Sources */ = {isa = PBXBuildFile; fileRef = 404192342B8C9B26003AF790 /* Helper.swift */; };
		404A4D5E2B8C3EB6007EBCCE /* AppDelegate.swift in Sources */ = {isa = PBXBuildFile; fileRef = 404A4D5D2B8C3EB6007EBCCE /* AppDelegate.swift */; };
		404A4D602B8C3EB6007EBCCE /* SceneDelegate.swift in Sources */ = {isa = PBXBuildFile; fileRef = 404A4D5F2B8C3EB6007EBCCE /* SceneDelegate.swift */; };
		404A4D622B8C3EB6007EBCCE /* ViewController.swift in Sources */ = {isa = PBXBuildFile; fileRef = 404A4D612B8C3EB6007EBCCE /* ViewController.swift */; };
		404A4D652B8C3EB6007EBCCE /* Main.storyboard in Resources */ = {isa = PBXBuildFile; fileRef = 404A4D632B8C3EB6007EBCCE /* Main.storyboard */; };
		404A4D672B8C3EB6007EBCCE /* Assets.xcassets in Resources */ = {isa = PBXBuildFile; fileRef = 404A4D662B8C3EB6007EBCCE /* Assets.xcassets */; };
		404A4D6A2B8C3EB6007EBCCE /* LaunchScreen.storyboard in Resources */ = {isa = PBXBuildFile; fileRef = 404A4D682B8C3EB6007EBCCE /* LaunchScreen.storyboard */; };
		404A4D732B8C3F27007EBCCE /* TestView.storyboard in Resources */ = {isa = PBXBuildFile; fileRef = 404A4D722B8C3F27007EBCCE /* TestView.storyboard */; };
		404A4D752B8C3F31007EBCCE /* TestViewController.swift in Sources */ = {isa = PBXBuildFile; fileRef = 404A4D742B8C3F31007EBCCE /* TestViewController.swift */; };
		40FB34B02B8D962700A8130D /* Bundle+Extension.swift in Sources */ = {isa = PBXBuildFile; fileRef = 40FB34AF2B8D962700A8130D /* Bundle+Extension.swift */; };
/* End PBXBuildFile section */

/* Begin PBXFileReference section */
		404192342B8C9B26003AF790 /* Helper.swift */ = {isa = PBXFileReference; lastKnownFileType = sourcecode.swift; path = Helper.swift; sourceTree = "<group>"; };
		404A4D5A2B8C3EB6007EBCCE /* a.app */ = {isa = PBXFileReference; explicitFileType = wrapper.application; includeInIndex = 0; path = a.app; sourceTree = BUILT_PRODUCTS_DIR; };
		404A4D5D2B8C3EB6007EBCCE /* AppDelegate.swift */ = {isa = PBXFileReference; lastKnownFileType = sourcecode.swift; path = AppDelegate.swift; sourceTree = "<group>"; };
		404A4D5F2B8C3EB6007EBCCE /* SceneDelegate.swift */ = {isa = PBXFileReference; lastKnownFileType = sourcecode.swift; path = SceneDelegate.swift; sourceTree = "<group>"; };
		404A4D612B8C3EB6007EBCCE /* ViewController.swift */ = {isa = PBXFileReference; lastKnownFileType = sourcecode.swift; path = ViewController.swift; sourceTree = "<group>"; };
		404A4D642B8C3EB6007EBCCE /* Base */ = {isa = PBXFileReference; lastKnownFileType = file.storyboard; name = Base; path = Base.lproj/Main.storyboard; sourceTree = "<group>"; };
		404A4D662B8C3EB6007EBCCE /* Assets.xcassets */ = {isa = PBXFileReference; lastKnownFileType = folder.assetcatalog; path = Assets.xcassets; sourceTree = "<group>"; };
		404A4D692B8C3EB6007EBCCE /* Base */ = {isa = PBXFileReference; lastKnownFileType = file.storyboard; name = Base; path = Base.lproj/LaunchScreen.storyboard; sourceTree = "<group>"; };
		404A4D6B2B8C3EB6007EBCCE /* Info.plist */ = {isa = PBXFileReference; lastKnownFileType = text.plist.xml; path = Info.plist; sourceTree = "<group>"; };
		404A4D722B8C3F27007EBCCE /* TestView.storyboard */ = {isa = PBXFileReference; lastKnownFileType = file.storyboard; path = TestView.storyboard; sourceTree = "<group>"; };
		404A4D742B8C3F31007EBCCE /* TestViewController.swift */ = {isa = PBXFileReference; lastKnownFileType = sourcecode.swift; path = TestViewController.swift; sourceTree = "<group>"; };
		40BCE6812B8C86B8005FCE59 /* Package.swift */ = {isa = PBXFileReference; lastKnownFileType = sourcecode.swift; path = Package.swift; sourceTree = "<group>"; };
		40FB34AF2B8D962700A8130D /* Bundle+Extension.swift */ = {isa = PBXFileReference; lastKnownFileType = sourcecode.swift; path = "Bundle+Extension.swift"; sourceTree = "<group>"; };
/* End PBXFileReference section */

/* Begin PBXFrameworksBuildPhase section */
		404A4D572B8C3EB6007EBCCE /* Frameworks */ = {
			isa = PBXFrameworksBuildPhase;
			buildActionMask = 2147483647;
			files = (
			);
			runOnlyForDeploymentPostprocessing = 0;
		};
/* End PBXFrameworksBuildPhase section */

/* Begin PBXGroup section */
		404A4D512B8C3EB5007EBCCE = {
			isa = PBXGroup;
			children = (
				40BCE6812B8C86B8005FCE59 /* Package.swift */,
				404A4D5C2B8C3EB6007EBCCE /* a */,
				404A4D5B2B8C3EB6007EBCCE /* Products */,
			);
			sourceTree = "<group>";
		};
		404A4D5B2B8C3EB6007EBCCE /* Products */ = {
			isa = PBXGroup;
			children = (
				404A4D5A2B8C3EB6007EBCCE /* a.app */,
			);
			name = Products;
			sourceTree = "<group>";
		};
		404A4D5C2B8C3EB6007EBCCE /* a */ = {
			isa = PBXGroup;
			children = (
				404A4D9F2B8C80AA007EBCCE /* Module */,
				404A4D5D2B8C3EB6007EBCCE /* AppDelegate.swift */,
				404A4D5F2B8C3EB6007EBCCE /* SceneDelegate.swift */,
				404A4D612B8C3EB6007EBCCE /* ViewController.swift */,
				404A4D632B8C3EB6007EBCCE /* Main.storyboard */,
				404A4D662B8C3EB6007EBCCE /* Assets.xcassets */,
				404A4D682B8C3EB6007EBCCE /* LaunchScreen.storyboard */,
				404A4D6B2B8C3EB6007EBCCE /* Info.plist */,
			);
			path = a;
			sourceTree = "<group>";
		};
		404A4D9F2B8C80AA007EBCCE /* Module */ = {
			isa = PBXGroup;
			children = (
				404A4DA12B8C80B3007EBCCE /* Assets */,
				404A4DA02B8C80AE007EBCCE /* Classes */,
			);
			path = Module;
			sourceTree = "<group>";
		};
		404A4DA02B8C80AE007EBCCE /* Classes */ = {
			isa = PBXGroup;
			children = (
				404A4D742B8C3F31007EBCCE /* TestViewController.swift */,
				404192342B8C9B26003AF790 /* Helper.swift */,
				40FB34AF2B8D962700A8130D /* Bundle+Extension.swift */,
			);
			path = Classes;
			sourceTree = "<group>";
		};
		404A4DA12B8C80B3007EBCCE /* Assets */ = {
			isa = PBXGroup;
			children = (
				404A4D722B8C3F27007EBCCE /* TestView.storyboard */,
			);
			path = Assets;
			sourceTree = "<group>";
		};
/* End PBXGroup section */

/* Begin PBXNativeTarget section */
		404A4D592B8C3EB6007EBCCE /* a */ = {
			isa = PBXNativeTarget;
			buildConfigurationList = 404A4D6E2B8C3EB6007EBCCE /* Build configuration list for PBXNativeTarget "a" */;
			buildPhases = (
				404A4D562B8C3EB6007EBCCE /* Sources */,
				404A4D572B8C3EB6007EBCCE /* Frameworks */,
				404A4D582B8C3EB6007EBCCE /* Resources */,
			);
			buildRules = (
			);
			dependencies = (
			);
			name = a;
			productName = a;
			productReference = 404A4D5A2B8C3EB6007EBCCE /* a.app */;
			productType = "com.apple.product-type.application";
		};
/* End PBXNativeTarget section */

/* Begin PBXProject section */
		404A4D522B8C3EB5007EBCCE /* Project object */ = {
			isa = PBXProject;
			attributes = {
				BuildIndependentTargetsInParallel = 1;
				LastSwiftUpdateCheck = 1430;
				LastUpgradeCheck = 1430;
				TargetAttributes = {
					404A4D592B8C3EB6007EBCCE = {
						CreatedOnToolsVersion = 14.3;
					};
				};
			};
			buildConfigurationList = 404A4D552B8C3EB5007EBCCE /* Build configuration list for PBXProject "a" */;
			compatibilityVersion = "Xcode 14.0";
			developmentRegion = en;
			hasScannedForEncodings = 0;
			knownRegions = (
				en,
				Base,
			);
			mainGroup = 404A4D512B8C3EB5007EBCCE;
			productRefGroup = 404A4D5B2B8C3EB6007EBCCE /* Products */;
			projectDirPath = "";
			projectRoot = "";
			targets = (
				404A4D592B8C3EB6007EBCCE /* a */,
			);
		};
/* End PBXProject section */

/* Begin PBXResourcesBuildPhase section */
		404A4D582B8C3EB6007EBCCE /* Resources */ = {
			isa = PBXResourcesBuildPhase;
			buildActionMask = 2147483647;
			files = (
				404A4D6A2B8C3EB6007EBCCE /* LaunchScreen.storyboard in Resources */,
				404A4D732B8C3F27007EBCCE /* TestView.storyboard in Resources */,
				404A4D672B8C3EB6007EBCCE /* Assets.xcassets in Resources */,
				404A4D652B8C3EB6007EBCCE /* Main.storyboard in Resources */,
			);
			runOnlyForDeploymentPostprocessing = 0;
		};
/* End PBXResourcesBuildPhase section */

/* Begin PBXSourcesBuildPhase section */
		404A4D562B8C3EB6007EBCCE /* Sources */ = {
			isa = PBXSourcesBuildPhase;
			buildActionMask = 2147483647;
			files = (
				404A4D752B8C3F31007EBCCE /* TestViewController.swift in Sources */,
				40FB34B02B8D962700A8130D /* Bundle+Extension.swift in Sources */,
				404A4D622B8C3EB6007EBCCE /* ViewController.swift in Sources */,
				404192352B8C9B26003AF790 /* Helper.swift in Sources */,
				404A4D5E2B8C3EB6007EBCCE /* AppDelegate.swift in Sources */,
				404A4D602B8C3EB6007EBCCE /* SceneDelegate.swift in Sources */,
			);
			runOnlyForDeploymentPostprocessing = 0;
		};
/* End PBXSourcesBuildPhase section */

/* Begin PBXVariantGroup section */
		404A4D632B8C3EB6007EBCCE /* Main.storyboard */ = {
			isa = PBXVariantGroup;
			children = (
				404A4D642B8C3EB6007EBCCE /* Base */,
			);
			name = Main.storyboard;
			sourceTree = "<group>";
		};
		404A4D682B8C3EB6007EBCCE /* LaunchScreen.storyboard */ = {
			isa = PBXVariantGroup;
			children = (
				404A4D692B8C3EB6007EBCCE /* Base */,
			);
			name = LaunchScreen.storyboard;
			sourceTree = "<group>";
		};
/* End PBXVariantGroup section */

/* Begin XCBuildConfiguration section */
		404A4D6C2B8C3EB6007EBCCE /* Debug */ = {
			isa = XCBuildConfiguration;
			buildSettings = {
				ALWAYS_SEARCH_USER_PATHS = NO;
				CLANG_ANALYZER_NONNULL = YES;
				CLANG_ANALYZER_NUMBER_OBJECT_CONVERSION = YES_AGGRESSIVE;
				CLANG_CXX_LANGUAGE_STANDARD = "gnu++20";
				CLANG_ENABLE_MODULES = YES;
				CLANG_ENABLE_OBJC_ARC = YES;
				CLANG_ENABLE_OBJC_WEAK = YES;
				CLANG_WARN_BLOCK_CAPTURE_AUTORELEASING = YES;
				CLANG_WARN_BOOL_CONVERSION = YES;
				CLANG_WARN_COMMA = YES;
				CLANG_WARN_CONSTANT_CONVERSION = YES;
				CLANG_WARN_DEPRECATED_OBJC_IMPLEMENTATIONS = YES;
				CLANG_WARN_DIRECT_OBJC_ISA_USAGE = YES_ERROR;
				CLANG_WARN_DOCUMENTATION_COMMENTS = YES;
				CLANG_WARN_EMPTY_BODY = YES;
				CLANG_WARN_ENUM_CONVERSION = YES;
				CLANG_WARN_INFINITE_RECURSION = YES;
				CLANG_WARN_INT_CONVERSION = YES;
				CLANG_WARN_NON_LITERAL_NULL_CONVERSION = YES;
				CLANG_WARN_OBJC_IMPLICIT_RETAIN_SELF = YES;
				CLANG_WARN_OBJC_LITERAL_CONVERSION = YES;
				CLANG_WARN_OBJC_ROOT_CLASS = YES_ERROR;
				CLANG_WARN_QUOTED_INCLUDE_IN_FRAMEWORK_HEADER = YES;
				CLANG_WARN_RANGE_LOOP_ANALYSIS = YES;
				CLANG_WARN_STRICT_PROTOTYPES = YES;
				CLANG_WARN_SUSPICIOUS_MOVE = YES;
				CLANG_WARN_UNGUARDED_AVAILABILITY = YES_AGGRESSIVE;
				CLANG_WARN_UNREACHABLE_CODE = YES;
				CLANG_WARN__DUPLICATE_METHOD_MATCH = YES;
				COPY_PHASE_STRIP = NO;
				DEBUG_INFORMATION_FORMAT = dwarf;
				ENABLE_STRICT_OBJC_MSGSEND = YES;
				ENABLE_TESTABILITY = YES;
				GCC_C_LANGUAGE_STANDARD = gnu11;
				GCC_DYNAMIC_NO_PIC = NO;
				GCC_NO_COMMON_BLOCKS = YES;
				GCC_OPTIMIZATION_LEVEL = 0;
				GCC_PREPROCESSOR_DEFINITIONS = (
					"DEBUG=1",
					"$(inherited)",
				);
				GCC_WARN_64_TO_32_BIT_CONVERSION = YES;
				GCC_WARN_ABOUT_RETURN_TYPE = YES_ERROR;
				GCC_WARN_UNDECLARED_SELECTOR = YES;
				GCC_WARN_UNINITIALIZED_AUTOS = YES_AGGRESSIVE;
				GCC_WARN_UNUSED_FUNCTION = YES;
				GCC_WARN_UNUSED_VARIABLE = YES;
				IPHONEOS_DEPLOYMENT_TARGET = 16.4;
				MTL_ENABLE_DEBUG_INFO = INCLUDE_SOURCE;
				MTL_FAST_MATH = YES;
				ONLY_ACTIVE_ARCH = YES;
				SDKROOT = iphoneos;
				SWIFT_ACTIVE_COMPILATION_CONDITIONS = DEBUG;
				SWIFT_OPTIMIZATION_LEVEL = "-Onone";
			};
			name = Debug;
		};
		404A4D6D2B8C3EB6007EBCCE /* Release */ = {
			isa = XCBuildConfiguration;
			buildSettings = {
				ALWAYS_SEARCH_USER_PATHS = NO;
				CLANG_ANALYZER_NONNULL = YES;
				CLANG_ANALYZER_NUMBER_OBJECT_CONVERSION = YES_AGGRESSIVE;
				CLANG_CXX_LANGUAGE_STANDARD = "gnu++20";
				CLANG_ENABLE_MODULES = YES;
				CLANG_ENABLE_OBJC_ARC = YES;
				CLANG_ENABLE_OBJC_WEAK = YES;
				CLANG_WARN_BLOCK_CAPTURE_AUTORELEASING = YES;
				CLANG_WARN_BOOL_CONVERSION = YES;
				CLANG_WARN_COMMA = YES;
				CLANG_WARN_CONSTANT_CONVERSION = YES;
				CLANG_WARN_DEPRECATED_OBJC_IMPLEMENTATIONS = YES;
				CLANG_WARN_DIRECT_OBJC_ISA_USAGE = YES_ERROR;
				CLANG_WARN_DOCUMENTATION_COMMENTS = YES;
				CLANG_WARN_EMPTY_BODY = YES;
				CLANG_WARN_ENUM_CONVERSION = YES;
				CLANG_WARN_INFINITE_RECURSION = YES;
				CLANG_WARN_INT_CONVERSION = YES;
				CLANG_WARN_NON_LITERAL_NULL_CONVERSION = YES;
				CLANG_WARN_OBJC_IMPLICIT_RETAIN_SELF = YES;
				CLANG_WARN_OBJC_LITERAL_CONVERSION = YES;
				CLANG_WARN_OBJC_ROOT_CLASS = YES_ERROR;
				CLANG_WARN_QUOTED_INCLUDE_IN_FRAMEWORK_HEADER = YES;
				CLANG_WARN_RANGE_LOOP_ANALYSIS = YES;
				CLANG_WARN_STRICT_PROTOTYPES = YES;
				CLANG_WARN_SUSPICIOUS_MOVE = YES;
				CLANG_WARN_UNGUARDED_AVAILABILITY = YES_AGGRESSIVE;
				CLANG_WARN_UNREACHABLE_CODE = YES;
				CLANG_WARN__DUPLICATE_METHOD_MATCH = YES;
				COPY_PHASE_STRIP = NO;
				DEBUG_INFORMATION_FORMAT = "dwarf-with-dsym";
				ENABLE_NS_ASSERTIONS = NO;
				ENABLE_STRICT_OBJC_MSGSEND = YES;
				GCC_C_LANGUAGE_STANDARD = gnu11;
				GCC_NO_COMMON_BLOCKS = YES;
				GCC_WARN_64_TO_32_BIT_CONVERSION = YES;
				GCC_WARN_ABOUT_RETURN_TYPE = YES_ERROR;
				GCC_WARN_UNDECLARED_SELECTOR = YES;
				GCC_WARN_UNINITIALIZED_AUTOS = YES_AGGRESSIVE;
				GCC_WARN_UNUSED_FUNCTION = YES;
				GCC_WARN_UNUSED_VARIABLE = YES;
				IPHONEOS_DEPLOYMENT_TARGET = 16.4;
				MTL_ENABLE_DEBUG_INFO = NO;
				MTL_FAST_MATH = YES;
				SDKROOT = iphoneos;
				SWIFT_COMPILATION_MODE = wholemodule;
				SWIFT_OPTIMIZATION_LEVEL = "-O";
				VALIDATE_PRODUCT = YES;
			};
			name = Release;
		};
		404A4D6F2B8C3EB6007EBCCE /* Debug */ = {
			isa = XCBuildConfiguration;
			buildSettings = {
				ASSETCATALOG_COMPILER_APPICON_NAME = AppIcon;
				ASSETCATALOG_COMPILER_GLOBAL_ACCENT_COLOR_NAME = AccentColor;
				CODE_SIGN_STYLE = Automatic;
				CURRENT_PROJECT_VERSION = 1;
				DEVELOPMENT_TEAM = AR84MSRR4K;
				GENERATE_INFOPLIST_FILE = YES;
				INFOPLIST_FILE = a/Info.plist;
				INFOPLIST_KEY_UIApplicationSupportsIndirectInputEvents = YES;
				INFOPLIST_KEY_UILaunchStoryboardName = LaunchScreen;
				INFOPLIST_KEY_UIMainStoryboardFile = Main;
				INFOPLIST_KEY_UISupportedInterfaceOrientations_iPad = "UIInterfaceOrientationPortrait UIInterfaceOrientationPortraitUpsideDown UIInterfaceOrientationLandscapeLeft UIInterfaceOrientationLandscapeRight";
				INFOPLIST_KEY_UISupportedInterfaceOrientations_iPhone = "UIInterfaceOrientationPortrait UIInterfaceOrientationLandscapeLeft UIInterfaceOrientationLandscapeRight";
				LD_RUNPATH_SEARCH_PATHS = (
					"$(inherited)",
					"@executable_path/Frameworks",
				);
				MARKETING_VERSION = 1.0;
				PRODUCT_BUNDLE_IDENTIFIER = com.combine.a;
				PRODUCT_NAME = "$(TARGET_NAME)";
				SWIFT_EMIT_LOC_STRINGS = YES;
				SWIFT_VERSION = 5.0;
				TARGETED_DEVICE_FAMILY = "1,2";
			};
			name = Debug;
		};
		404A4D702B8C3EB6007EBCCE /* Release */ = {
			isa = XCBuildConfiguration;
			buildSettings = {
				ASSETCATALOG_COMPILER_APPICON_NAME = AppIcon;
				ASSETCATALOG_COMPILER_GLOBAL_ACCENT_COLOR_NAME = AccentColor;
				CODE_SIGN_STYLE = Automatic;
				CURRENT_PROJECT_VERSION = 1;
				DEVELOPMENT_TEAM = AR84MSRR4K;
				GENERATE_INFOPLIST_FILE = YES;
				INFOPLIST_FILE = a/Info.plist;
				INFOPLIST_KEY_UIApplicationSupportsIndirectInputEvents = YES;
				INFOPLIST_KEY_UILaunchStoryboardName = LaunchScreen;
				INFOPLIST_KEY_UIMainStoryboardFile = Main;
				INFOPLIST_KEY_UISupportedInterfaceOrientations_iPad = "UIInterfaceOrientationPortrait UIInterfaceOrientationPortraitUpsideDown UIInterfaceOrientationLandscapeLeft UIInterfaceOrientationLandscapeRight";
				INFOPLIST_KEY_UISupportedInterfaceOrientations_iPhone = "UIInterfaceOrientationPortrait UIInterfaceOrientationLandscapeLeft UIInterfaceOrientationLandscapeRight";
				LD_RUNPATH_SEARCH_PATHS = (
					"$(inherited)",
					"@executable_path/Frameworks",
				);
				MARKETING_VERSION = 1.0;
				PRODUCT_BUNDLE_IDENTIFIER = com.combine.a;
				PRODUCT_NAME = "$(TARGET_NAME)";
				SWIFT_EMIT_LOC_STRINGS = YES;
				SWIFT_VERSION = 5.0;
				TARGETED_DEVICE_FAMILY = "1,2";
			};
			name = Release;
		};
/* End XCBuildConfiguration section */

/* Begin XCConfigurationList section */
		404A4D552B8C3EB5007EBCCE /* Build configuration list for PBXProject "a" */ = {
			isa = XCConfigurationList;
			buildConfigurations = (
				404A4D6C2B8C3EB6007EBCCE /* Debug */,
				404A4D6D2B8C3EB6007EBCCE /* Release */,
			);
			defaultConfigurationIsVisible = 0;
			defaultConfigurationName = Release;
		};
		404A4D6E2B8C3EB6007EBCCE /* Build configuration list for PBXNativeTarget "a" */ = {
			isa = XCConfigurationList;
			buildConfigurations = (
				404A4D6F2B8C3EB6007EBCCE /* Debug */,
				404A4D702B8C3EB6007EBCCE /* Release */,
			);
			defaultConfigurationIsVisible = 0;
			defaultConfigurationName = Release;
		};
/* End XCConfigurationList section */
	};
	rootObject = 404A4D522B8C3EB5007EBCCE /* Project object */;
}
